// !$*UTF8*$!
{
	archiveVersion = 1;
	classes = {
	};
	objectVersion = 46;
	objects = {

/* Begin PBXBuildFile section */
		D6D5A4441CA293D700BB5642 /* main.m in Sources */ = {isa = PBXBuildFile; fileRef = D6D5A4431CA293D700BB5642 /* main.m */; };
		D6D5A4471CA293D800BB5642 /* AppDelegate.m in Sources */ = {isa = PBXBuildFile; fileRef = D6D5A4461CA293D800BB5642 /* AppDelegate.m */; };
		D6D5A44A1CA293D800BB5642 /* ViewController.m in Sources */ = {isa = PBXBuildFile; fileRef = D6D5A4491CA293D800BB5642 /* ViewController.m */; };
		D6D5A44D1CA293D800BB5642 /* Main.storyboard in Resources */ = {isa = PBXBuildFile; fileRef = D6D5A44B1CA293D800BB5642 /* Main.storyboard */; };
		D6D5A4501CA293D800BB5642 /* RealmSample.xcdatamodeld in Sources */ = {isa = PBXBuildFile; fileRef = D6D5A44E1CA293D800BB5642 /* RealmSample.xcdatamodeld */; };
		D6D5A4521CA293D800BB5642 /* Assets.xcassets in Resources */ = {isa = PBXBuildFile; fileRef = D6D5A4511CA293D800BB5642 /* Assets.xcassets */; };
		D6D5A4551CA293D800BB5642 /* LaunchScreen.storyboard in Resources */ = {isa = PBXBuildFile; fileRef = D6D5A4531CA293D800BB5642 /* LaunchScreen.storyboard */; };
/* End PBXBuildFile section */

/* Begin PBXFileReference section */
		D6D5A43F1CA293D700BB5642 /* RealmSample.app */ = {isa = PBXFileReference; explicitFileType = wrapper.application; includeInIndex = 0; path = RealmSample.app; sourceTree = BUILT_PRODUCTS_DIR; };
		D6D5A4431CA293D700BB5642 /* main.m */ = {isa = PBXFileReference; lastKnownFileType = sourcecode.c.objc; path = main.m; sourceTree = "<group>"; };
		D6D5A4451CA293D700BB5642 /* AppDelegate.h */ = {isa = PBXFileReference; lastKnownFileType = sourcecode.c.h; path = AppDelegate.h; sourceTree = "<group>"; };
		D6D5A4461CA293D800BB5642 /* AppDelegate.m */ = {isa = PBXFileReference; lastKnownFileType = sourcecode.c.objc; path = AppDelegate.m; sourceTree = "<group>"; };
		D6D5A4481CA293D800BB5642 /* ViewController.h */ = {isa = PBXFileReference; lastKnownFileType = sourcecode.c.h; path = ViewController.h; sourceTree = "<group>"; };
		D6D5A4491CA293D800BB5642 /* ViewController.m */ = {isa = PBXFileReference; lastKnownFileType = sourcecode.c.objc; path = ViewController.m; sourceTree = "<group>"; };
		D6D5A44C1CA293D800BB5642 /* Base */ = {isa = PBXFileReference; lastKnownFileType = file.storyboard; name = Base; path = Base.lproj/Main.storyboard; sourceTree = "<group>"; };
		D6D5A44F1CA293D800BB5642 /* RealmSample.xcdatamodel */ = {isa = PBXFileReference; lastKnownFileType = wrapper.xcdatamodel; path = RealmSample.xcdatamodel; sourceTree = "<group>"; };
		D6D5A4511CA293D800BB5642 /* Assets.xcassets */ = {isa = PBXFileReference; lastKnownFileType = folder.assetcatalog; path = Assets.xcassets; sourceTree = "<group>"; };
		D6D5A4541CA293D800BB5642 /* Base */ = {isa = PBXFileReference; lastKnownFileType = file.storyboard; name = Base; path = Base.lproj/LaunchScreen.storyboard; sourceTree = "<group>"; };
		D6D5A4561CA293D800BB5642 /* Info.plist */ = {isa = PBXFileReference; lastKnownFileType = text.plist.xml; path = Info.plist; sourceTree = "<group>"; };
/* End PBXFileReference section */

/* Begin PBXFrameworksBuildPhase section */
		D6D5A43C1CA293D700BB5642 /* Frameworks */ = {
			isa = PBXFrameworksBuildPhase;
			buildActionMask = 2147483647;
			files = (
			);
			runOnlyForDeploymentPostprocessing = 0;
		};
/* End PBXFrameworksBuildPhase section */

/* Begin PBXGroup section */
		D6D5A4361CA293D700BB5642 = {
			isa = PBXGroup;
			children = (
				D6D5A4411CA293D700BB5642 /* RealmSample */,
				D6D5A4401CA293D700BB5642 /* Products */,
			);
			sourceTree = "<group>";
		};
		D6D5A4401CA293D700BB5642 /* Products */ = {
			isa = PBXGroup;
			children = (
				D6D5A43F1CA293D700BB5642 /* RealmSample.app */,
			);
			name = Products;
			sourceTree = "<group>";
		};
		D6D5A4411CA293D700BB5642 /* RealmSample */ = {
			isa = PBXGroup;
			children = (
				D6D5A4451CA293D700BB5642 /* AppDelegate.h */,
				D6D5A4461CA293D800BB5642 /* AppDelegate.m */,
				D6D5A4481CA293D800BB5642 /* ViewController.h */,
				D6D5A4491CA293D800BB5642 /* ViewController.m */,
				D6D5A44B1CA293D800BB5642 /* Main.storyboard */,
				D6D5A4511CA293D800BB5642 /* Assets.xcassets */,
				D6D5A4531CA293D800BB5642 /* LaunchScreen.storyboard */,
				D6D5A4561CA293D800BB5642 /* Info.plist */,
				D6D5A44E1CA293D800BB5642 /* RealmSample.xcdatamodeld */,
				D6D5A4421CA293D700BB5642 /* Supporting Files */,
			);
			path = RealmSample;
			sourceTree = "<group>";
		};
		D6D5A4421CA293D700BB5642 /* Supporting Files */ = {
			isa = PBXGroup;
			children = (
				D6D5A4431CA293D700BB5642 /* main.m */,
			);
			name = "Supporting Files";
			sourceTree = "<group>";
		};
/* End PBXGroup section */

/* Begin PBXNativeTarget section */
		D6D5A43E1CA293D700BB5642 /* RealmSample */ = {
			isa = PBXNativeTarget;
			buildConfigurationList = D6D5A4591CA293D800BB5642 /* Build configuration list for PBXNativeTarget "RealmSample" */;
			buildPhases = (
				D6D5A43B1CA293D700BB5642 /* Sources */,
				D6D5A43C1CA293D700BB5642 /* Frameworks */,
				D6D5A43D1CA293D700BB5642 /* Resources */,
			);
			buildRules = (
			);
			dependencies = (
			);
			name = RealmSample;
			productName = RealmSample;
			productReference = D6D5A43F1CA293D700BB5642 /* RealmSample.app */;
			productType = "com.apple.product-type.application";
		};
/* End PBXNativeTarget section */

/* Begin PBXProject section */
		D6D5A4371CA293D700BB5642 /* Project object */ = {
			isa = PBXProject;
			attributes = {
				LastUpgradeCheck = 0720;
				ORGANIZATIONNAME = chenkai;
				TargetAttributes = {
					D6D5A43E1CA293D700BB5642 = {
						CreatedOnToolsVersion = 7.2.1;
					};
				};
			};
			buildConfigurationList = D6D5A43A1CA293D700BB5642 /* Build configuration list for PBXProject "RealmSample" */;
			compatibilityVersion = "Xcode 3.2";
			developmentRegion = English;
			hasScannedForEncodings = 0;
			knownRegions = (
				en,
				Base,
			);
			mainGroup = D6D5A4361CA293D700BB5642;
			productRefGroup = D6D5A4401CA293D700BB5642 /* Products */;
			projectDirPath = "";
			projectRoot = "";
			targets = (
				D6D5A43E1CA293D700BB5642 /* RealmSample */,
			);
		};
/* End PBXProject section */

/* Begin PBXResourcesBuildPhase section */
		D6D5A43D1CA293D700BB5642 /* Resources */ = {
			isa = PBXResourcesBuildPhase;
			buildActionMask = 2147483647;
			files = (
				D6D5A4551CA293D800BB5642 /* LaunchScreen.storyboard in Resources */,
				D6D5A4521CA293D800BB5642 /* Assets.xcassets in Resources */,
				D6D5A44D1CA293D800BB5642 /* Main.storyboard in Resources */,
			);
			runOnlyForDeploymentPostprocessing = 0;
		};
/* End PBXResourcesBuildPhase section */

/* Begin PBXSourcesBuildPhase section */
		D6D5A43B1CA293D700BB5642 /* Sources */ = {
			isa = PBXSourcesBuildPhase;
			buildActionMask = 2147483647;
			files = (
				D6D5A44A1CA293D800BB5642 /* ViewController.m in Sources */,
				D6D5A4471CA293D800BB5642 /* AppDelegate.m in Sources */,
				D6D5A4441CA293D700BB5642 /* main.m in Sources */,
				D6D5A4501CA293D800BB5642 /* RealmSample.xcdatamodeld in Sources */,
			);
			runOnlyForDeploymentPostprocessing = 0;
		};
/* End PBXSourcesBuildPhase section */

/* Begin PBXVariantGroup section */
		D6D5A44B1CA293D800BB5642 /* Main.storyboard */ = {
			isa = PBXVariantGroup;
			children = (
				D6D5A44C1CA293D800BB5642 /* Base */,
			);
			name = Main.storyboard;
			sourceTree = "<group>";
		};
		D6D5A4531CA293D800BB5642 /* LaunchScreen.storyboard */ = {
			isa = PBXVariantGroup;
			children = (
				D6D5A4541CA293D800BB5642 /* Base */,
			);
			name = LaunchScreen.storyboard;
			sourceTree = "<group>";
		};
/* End PBXVariantGroup section */

/* Begin XCBuildConfiguration section */
		D6D5A4571CA293D800BB5642 /* Debug */ = {
			isa = XCBuildConfiguration;
			buildSettings = {
				ALWAYS_SEARCH_USER_PATHS = NO;
				CLANG_CXX_LANGUAGE_STANDARD = "gnu++0x";
				CLANG_CXX_LIBRARY = "libc++";
				CLANG_ENABLE_MODULES = YES;
				CLANG_ENABLE_OBJC_ARC = YES;
				CLANG_WARN_BOOL_CONVERSION = YES;
				CLANG_WARN_CONSTANT_CONVERSION = YES;
				CLANG_WARN_DIRECT_OBJC_ISA_USAGE = YES_ERROR;
				CLANG_WARN_EMPTY_BODY = YES;
				CLANG_WARN_ENUM_CONVERSION = YES;
				CLANG_WARN_INT_CONVERSION = YES;
				CLANG_WARN_OBJC_ROOT_CLASS = YES_ERROR;
				CLANG_WARN_UNREACHABLE_CODE = YES;
				CLANG_WARN__DUPLICATE_METHOD_MATCH = YES;
				"CODE_SIGN_IDENTITY[sdk=iphoneos*]" = "iPhone Developer";
				COPY_PHASE_STRIP = NO;
				DEBUG_INFORMATION_FORMAT = dwarf;
				ENABLE_STRICT_OBJC_MSGSEND = YES;
				ENABLE_TESTABILITY = YES;
				GCC_C_LANGUAGE_STANDARD = gnu99;
				GCC_DYNAMIC_NO_PIC = NO;
				GCC_NO_COMMON_BLOCKS = YES;
				GCC_OPTIMIZATION_LEVEL = 0;
				GCC_PREPROCESSOR_DEFINITIONS = (
					"DEBUG=1",
					"$(inherited)",
				);
				GCC_WARN_64_TO_32_BIT_CONVERSION = YES;
				GCC_WARN_ABOUT_RETURN_TYPE = YES_ERROR;
				GCC_WARN_UNDECLARED_SELECTOR = YES;
				GCC_WARN_UNINITIALIZED_AUTOS = YES_AGGRESSIVE;
				GCC_WARN_UNUSED_FUNCTION = YES;
				GCC_WARN_UNUSED_VARIABLE = YES;
				IPHONEOS_DEPLOYMENT_TARGET = 9.2;
				MTL_ENABLE_DEBUG_INFO = YES;
				ONLY_ACTIVE_ARCH = YES;
				SDKROOT = iphoneos;
			};
			name = Debug;
		};
		D6D5A4581CA293D800BB5642 /* Release */ = {
			isa = XCBuildConfiguration;
			buildSettings = {
				ALWAYS_SEARCH_USER_PATHS = NO;
				CLANG_CXX_LANGUAGE_STANDARD = "gnu++0x";
				CLANG_CXX_LIBRARY = "libc++";
				CLANG_ENABLE_MODULES = YES;
				CLANG_ENABLE_OBJC_ARC = YES;
				CLANG_WARN_BOOL_CONVERSION = YES;
				CLANG_WARN_CONSTANT_CONVERSION = YES;
				CLANG_WARN_DIRECT_OBJC_ISA_USAGE = YES_ERROR;
				CLANG_WARN_EMPTY_BODY = YES;
				CLANG_WARN_ENUM_CONVERSION = YES;
				CLANG_WARN_INT_CONVERSION = YES;
				CLANG_WARN_OBJC_ROOT_CLASS = YES_ERROR;
				CLANG_WARN_UNREACHABLE_CODE = YES;
				CLANG_WARN__DUPLICATE_METHOD_MATCH = YES;
				"CODE_SIGN_IDENTITY[sdk=iphoneos*]" = "iPhone Developer";
				COPY_PHASE_STRIP = NO;
				DEBUG_INFORMATION_FORMAT = "dwarf-with-dsym";
				ENABLE_NS_ASSERTIONS = NO;
				ENABLE_STRICT_OBJC_MSGSEND = YES;
				GCC_C_LANGUAGE_STANDARD = gnu99;
				GCC_NO_COMMON_BLOCKS = YES;
				GCC_WARN_64_TO_32_BIT_CONVERSION = YES;
				GCC_WARN_ABOUT_RETURN_TYPE = YES_ERROR;
				GCC_WARN_UNDECLARED_SELECTOR = YES;
				GCC_WARN_UNINITIALIZED_AUTOS = YES_AGGRESSIVE;
				GCC_WARN_UNUSED_FUNCTION = YES;
				GCC_WARN_UNUSED_VARIABLE = YES;
				IPHONEOS_DEPLOYMENT_TARGET = 9.2;
				MTL_ENABLE_DEBUG_INFO = NO;
				SDKROOT = iphoneos;
				VALIDATE_PRODUCT = YES;
			};
			name = Release;
		};
		D6D5A45A1CA293D800BB5642 /* Debug */ = {
			isa = XCBuildConfiguration;
			buildSettings = {
				ASSETCATALOG_COMPILER_APPICON_NAME = AppIcon;
				INFOPLIST_FILE = RealmSample/Info.plist;
				LD_RUNPATH_SEARCH_PATHS = "$(inherited) @executable_path/Frameworks";
				PRODUCT_BUNDLE_IDENTIFIER = com.Personal.RealmSample;
				PRODUCT_NAME = "$(TARGET_NAME)";
			};
			name = Debug;
		};
		D6D5A45B1CA293D800BB5642 /* Release */ = {
			isa = XCBuildConfiguration;
			buildSettings = {
				ASSETCATALOG_COMPILER_APPICON_NAME = AppIcon;
				INFOPLIST_FILE = RealmSample/Info.plist;
				LD_RUNPATH_SEARCH_PATHS = "$(inherited) @executable_path/Frameworks";
				PRODUCT_BUNDLE_IDENTIFIER = com.Personal.RealmSample;
				PRODUCT_NAME = "$(TARGET_NAME)";
			};
			name = Release;
		};
/* End XCBuildConfiguration section */

/* Begin XCConfigurationList section */
		D6D5A43A1CA293D700BB5642 /* Build configuration list for PBXProject "RealmSample" */ = {
			isa = XCConfigurationList;
			buildConfigurations = (
				D6D5A4571CA293D800BB5642 /* Debug */,
				D6D5A4581CA293D800BB5642 /* Release */,
			);
			defaultConfigurationIsVisible = 0;
			defaultConfigurationName = Release;
		};
		D6D5A4591CA293D800BB5642 /* Build configuration list for PBXNativeTarget "RealmSample" */ = {
			isa = XCConfigurationList;
			buildConfigurations = (
				D6D5A45A1CA293D800BB5642 /* Debug */,
				D6D5A45B1CA293D800BB5642 /* Release */,
			);
			defaultConfigurationIsVisible = 0;
		};
/* End XCConfigurationList section */

/* Begin XCVersionGroup section */
		D6D5A44E1CA293D800BB5642 /* RealmSample.xcdatamodeld */ = {
			isa = XCVersionGroup;
			children = (
				D6D5A44F1CA293D800BB5642 /* RealmSample.xcdatamodel */,
			);
			currentVersion = D6D5A44F1CA293D800BB5642 /* RealmSample.xcdatamodel */;
			path = RealmSample.xcdatamodeld;
			sourceTree = "<group>";
			versionGroupType = wrapper.xcdatamodel;
		};
/* End XCVersionGroup section */
	};
	rootObject = D6D5A4371CA293D700BB5642 /* Project object */;
}
